{
  "name": "mapstats",
  "version": "0.0.1",
  "lockfileVersion": 3,
  "requires": true,
  "packages": {
    "": {
      "name": "mapstats",
      "version": "0.0.1",
      "license": "ISC",
      "dependencies": {
        "plotly.js-dist-min": "^3.1.2"
      }
    },
    "node_modules/plotly.js-dist-min": {
      "version": "3.1.2",
      "resolved": "https://registry.npmjs.org/plotly.js-dist-min/-/plotly.js-dist-min-3.1.2.tgz",
      "integrity": "sha512-GlgsV+1IMjPpyJWnWjHfD2SBczqke/JNPElLAZ5cUir3fz5D4WDcYyQFJLU60SjCvJXH+KTPp8SBuVIr084sOA==",
      "license": "MIT"
    }
  }
}
